Microsoft Visual Studio Solution File, Format Version 10.00
# Visual Studio 2008
Project("{8BC9CEB8-8B4A-11D0-8D11-00A0C91BC942}") = "wcurses", "wcurses.vcproj", "{C1891678-D3BC-4226-AC84-BA062F64E021}"
EndProject
Global
	GlobalSection(SolutionConfigurationPlatforms) = preSolution
		Debug 2.5|Win32 = Debug 2.5|Win32
		Debug|Win32 = Debug|Win32
		Release|Win32 = Release|Win32
	EndGlobalSection
	GlobalSection(ProjectConfigurationPlatforms) = postSolution
		{C1891678-D3BC-4226-AC84-BA062F64E021}.Debug 2.5|Win32.ActiveCfg = Debug 2.5|Win32
		{C1891678-D3BC-4226-AC84-BA062F64E021}.Debug 2.5|Win32.Build.0 = Debug 2.5|Win32
		{C1891678-D3BC-4226-AC84-BA062F64E021}.Debug|Win32.ActiveCfg = Debug|Win32
		{C1891678-D3BC-4226-AC84-BA062F64E021}.Debug|Win32.Build.0 = Debug|Win32
		{C1891678-D3BC-4226-AC84-BA062F64E021}.Release|Win32.ActiveCfg = Release|Win32
		{C1891678-D3BC-4226-AC84-BA062F64E021}.Release|Win32.Build.0 = Release|Win32
	EndGlobalSection
	GlobalSection(SolutionProperties) = preSolution
		HideSolutionNode = FALSE
	EndGlobalSection
EndGlobal
